// !$*UTF8*$!
{
	archiveVersion = 1;
	classes = {
	};
	objectVersion = 46;
	objects = {

/* Begin PBXBuildFile section */
		93027AB21DEEB2C2004B01E9 /* main.m in Sources */ = {isa = PBXBuildFile; fileRef = 93027AB11DEEB2C2004B01E9 /* main.m */; };
		93027AB51DEEB2C2004B01E9 /* AppDelegate.m in Sources */ = {isa = PBXBuildFile; fileRef = 93027AB41DEEB2C2004B01E9 /* AppDelegate.m */; };
		93027AB81DEEB2C2004B01E9 /* ViewController.m in Sources */ = {isa = PBXBuildFile; fileRef = 93027AB71DEEB2C2004B01E9 /* ViewController.m */; };
		93027ABB1DEEB2C2004B01E9 /* Main.storyboard in Resources */ = {isa = PBXBuildFile; fileRef = 93027AB91DEEB2C2004B01E9 /* Main.storyboard */; };
		93027ABD1DEEB2C2004B01E9 /* Assets.xcassets in Resources */ = {isa = PBXBuildFile; fileRef = 93027ABC1DEEB2C2004B01E9 /* Assets.xcassets */; };
		93027AC01DEEB2C2004B01E9 /* LaunchScreen.storyboard in Resources */ = {isa = PBXBuildFile; fileRef = 93027ABE1DEEB2C2004B01E9 /* LaunchScreen.storyboard */; };
		93027ACB1DEEB2C2004B01E9 /* testTests.m in Sources */ = {isa = PBXBuildFile; fileRef = 93027ACA1DEEB2C2004B01E9 /* testTests.m */; };
		93027AD61DEEB2C3004B01E9 /* testUITests.m in Sources */ = {isa = PBXBuildFile; fileRef = 93027AD51DEEB2C3004B01E9 /* testUITests.m */; };
/* End PBXBuildFile section */

/* Begin PBXContainerItemProxy section */
		93027AC71DEEB2C2004B01E9 /* PBXContainerItemProxy */ = {
			isa = PBXContainerItemProxy;
			containerPortal = 93027AA51DEEB2C2004B01E9 /* Project object */;
			proxyType = 1;
			remoteGlobalIDString = 93027AAC1DEEB2C2004B01E9;
			remoteInfo = test;
		};
		93027AD21DEEB2C3004B01E9 /* PBXContainerItemProxy */ = {
			isa = PBXContainerItemProxy;
			containerPortal = 93027AA51DEEB2C2004B01E9 /* Project object */;
			proxyType = 1;
			remoteGlobalIDString = 93027AAC1DEEB2C2004B01E9;
			remoteInfo = test;
		};
/* End PBXContainerItemProxy section */

/* Begin PBXFileReference section */
		93027AAD1DEEB2C2004B01E9 /* test.app */ = {isa = PBXFileReference; explicitFileType = wrapper.application; includeInIndex = 0; path = test.app; sourceTree = BUILT_PRODUCTS_DIR; };
		93027AB11DEEB2C2004B01E9 /* main.m */ = {isa = PBXFileReference; lastKnownFileType = sourcecode.c.objc; path = main.m; sourceTree = "<group>"; };
		93027AB31DEEB2C2004B01E9 /* AppDelegate.h */ = {isa = PBXFileReference; lastKnownFileType = sourcecode.c.h; path = AppDelegate.h; sourceTree = "<group>"; };
		93027AB41DEEB2C2004B01E9 /* AppDelegate.m */ = {isa = PBXFileReference; lastKnownFileType = sourcecode.c.objc; path = AppDelegate.m; sourceTree = "<group>"; };
		93027AB61DEEB2C2004B01E9 /* ViewController.h */ = {isa = PBXFileReference; lastKnownFileType = sourcecode.c.h; path = ViewController.h; sourceTree = "<group>"; };
		93027AB71DEEB2C2004B01E9 /* ViewController.m */ = {isa = PBXFileReference; lastKnownFileType = sourcecode.c.objc; path = ViewController.m; sourceTree = "<group>"; };
		93027ABA1DEEB2C2004B01E9 /* Base */ = {isa = PBXFileReference; lastKnownFileType = file.storyboard; name = Base; path = Base.lproj/Main.storyboard; sourceTree = "<group>"; };
		93027ABC1DEEB2C2004B01E9 /* Assets.xcassets */ = {isa = PBXFileReference; lastKnownFileType = folder.assetcatalog; path = Assets.xcassets; sourceTree = "<group>"; };
		93027ABF1DEEB2C2004B01E9 /* Base */ = {isa = PBXFileReference; lastKnownFileType = file.storyboard; name = Base; path = Base.lproj/LaunchScreen.storyboard; sourceTree = "<group>"; };
		93027AC11DEEB2C2004B01E9 /* Info.plist */ = {isa = PBXFileReference; lastKnownFileType = text.plist.xml; path = Info.plist; sourceTree = "<group>"; };
		93027AC61DEEB2C2004B01E9 /* testTests.xctest */ = {isa = PBXFileReference; explicitFileType = wrapper.cfbundle; includeInIndex = 0; path = testTests.xctest; sourceTree = BUILT_PRODUCTS_DIR; };
		93027ACA1DEEB2C2004B01E9 /* testTests.m */ = {isa = PBXFileReference; lastKnownFileType = sourcecode.c.objc; path = testTests.m; sourceTree = "<group>"; };
		93027ACC1DEEB2C2004B01E9 /* Info.plist */ = {isa = PBXFileReference; lastKnownFileType = text.plist.xml; path = Info.plist; sourceTree = "<group>"; };
		93027AD11DEEB2C3004B01E9 /* testUITests.xctest */ = {isa = PBXFileReference; explicitFileType = wrapper.cfbundle; includeInIndex = 0; path = testUITests.xctest; sourceTree = BUILT_PRODUCTS_DIR; };
		93027AD51DEEB2C3004B01E9 /* testUITests.m */ = {isa = PBXFileReference; lastKnownFileType = sourcecode.c.objc; path = testUITests.m; sourceTree = "<group>"; };
		93027AD71DEEB2C3004B01E9 /* Info.plist */ = {isa = PBXFileReference; lastKnownFileType = text.plist.xml; path = Info.plist; sourceTree = "<group>"; };
/* End PBXFileReference section */

/* Begin PBXFrameworksBuildPhase section */
		93027AAA1DEEB2C2004B01E9 /* Frameworks */ = {
			isa = PBXFrameworksBuildPhase;
			buildActionMask = 2147483647;
			files = (
			);
			runOnlyForDeploymentPostprocessing = 0;
		};
		93027AC31DEEB2C2004B01E9 /* Frameworks */ = {
			isa = PBXFrameworksBuildPhase;
			buildActionMask = 2147483647;
			files = (
			);
			runOnlyForDeploymentPostprocessing = 0;
		};
		93027ACE1DEEB2C3004B01E9 /* Frameworks */ = {
			isa = PBXFrameworksBuildPhase;
			buildActionMask = 2147483647;
			files = (
			);
			runOnlyForDeploymentPostprocessing = 0;
		};
/* End PBXFrameworksBuildPhase section */

/* Begin PBXGroup section */
		93027AA41DEEB2C2004B01E9 = {
			isa = PBXGroup;
			children = (
				93027AAF1DEEB2C2004B01E9 /* test */,
				93027AC91DEEB2C2004B01E9 /* testTests */,
				93027AD41DEEB2C3004B01E9 /* testUITests */,
				93027AAE1DEEB2C2004B01E9 /* Products */,
			);
			sourceTree = "<group>";
		};
		93027AAE1DEEB2C2004B01E9 /* Products */ = {
			isa = PBXGroup;
			children = (
				93027AAD1DEEB2C2004B01E9 /* test.app */,
				93027AC61DEEB2C2004B01E9 /* testTests.xctest */,
				93027AD11DEEB2C3004B01E9 /* testUITests.xctest */,
			);
			name = Products;
			sourceTree = "<group>";
		};
		93027AAF1DEEB2C2004B01E9 /* test */ = {
			isa = PBXGroup;
			children = (
				93027AB31DEEB2C2004B01E9 /* AppDelegate.h */,
				93027AB41DEEB2C2004B01E9 /* AppDelegate.m */,
				93027AB61DEEB2C2004B01E9 /* ViewController.h */,
				93027AB71DEEB2C2004B01E9 /* ViewController.m */,
				93027AB91DEEB2C2004B01E9 /* Main.storyboard */,
				93027ABC1DEEB2C2004B01E9 /* Assets.xcassets */,
				93027ABE1DEEB2C2004B01E9 /* LaunchScreen.storyboard */,
				93027AC11DEEB2C2004B01E9 /* Info.plist */,
				93027AB01DEEB2C2004B01E9 /* Supporting Files */,
			);
			path = test;
			sourceTree = "<group>";
		};
		93027AB01DEEB2C2004B01E9 /* Supporting Files */ = {
			isa = PBXGroup;
			children = (
				93027AB11DEEB2C2004B01E9 /* main.m */,
			);
			name = "Supporting Files";
			sourceTree = "<group>";
		};
		93027AC91DEEB2C2004B01E9 /* testTests */ = {
			isa = PBXGroup;
			children = (
				93027ACA1DEEB2C2004B01E9 /* testTests.m */,
				93027ACC1DEEB2C2004B01E9 /* Info.plist */,
			);
			path = testTests;
			sourceTree = "<group>";
		};
		93027AD41DEEB2C3004B01E9 /* testUITests */ = {
			isa = PBXGroup;
			children = (
				93027AD51DEEB2C3004B01E9 /* testUITests.m */,
				93027AD71DEEB2C3004B01E9 /* Info.plist */,
			);
			path = testUITests;
			sourceTree = "<group>";
		};
/* End PBXGroup section */

/* Begin PBXNativeTarget section */
		93027AAC1DEEB2C2004B01E9 /* test */ = {
			isa = PBXNativeTarget;
			buildConfigurationList = 93027ADA1DEEB2C3004B01E9 /* Build configuration list for PBXNativeTarget "test" */;
			buildPhases = (
				93027AA91DEEB2C2004B01E9 /* Sources */,
				93027AAA1DEEB2C2004B01E9 /* Frameworks */,
				93027AAB1DEEB2C2004B01E9 /* Resources */,
			);
			buildRules = (
			);
			dependencies = (
			);
			name = test;
			productName = test;
			productReference = 93027AAD1DEEB2C2004B01E9 /* test.app */;
			productType = "com.apple.product-type.application";
		};
		93027AC51DEEB2C2004B01E9 /* testTests */ = {
			isa = PBXNativeTarget;
			buildConfigurationList = 93027ADD1DEEB2C3004B01E9 /* Build configuration list for PBXNativeTarget "testTests" */;
			buildPhases = (
				93027AC21DEEB2C2004B01E9 /* Sources */,
				93027AC31DEEB2C2004B01E9 /* Frameworks */,
				93027AC41DEEB2C2004B01E9 /* Resources */,
			);
			buildRules = (
			);
			dependencies = (
				93027AC81DEEB2C2004B01E9 /* PBXTargetDependency */,
			);
			name = testTests;
			productName = testTests;
			productReference = 93027AC61DEEB2C2004B01E9 /* testTests.xctest */;
			productType = "com.apple.product-type.bundle.unit-test";
		};
		93027AD01DEEB2C3004B01E9 /* testUITests */ = {
			isa = PBXNativeTarget;
			buildConfigurationList = 93027AE01DEEB2C3004B01E9 /* Build configuration list for PBXNativeTarget "testUITests" */;
			buildPhases = (
				93027ACD1DEEB2C3004B01E9 /* Sources */,
				93027ACE1DEEB2C3004B01E9 /* Frameworks */,
				93027ACF1DEEB2C3004B01E9 /* Resources */,
			);
			buildRules = (
			);
			dependencies = (
				93027AD31DEEB2C3004B01E9 /* PBXTargetDependency */,
			);
			name = testUITests;
			productName = testUITests;
			productReference = 93027AD11DEEB2C3004B01E9 /* testUITests.xctest */;
			productType = "com.apple.product-type.bundle.ui-testing";
		};
/* End PBXNativeTarget section */

/* Begin PBXProject section */
		93027AA51DEEB2C2004B01E9 /* Project object */ = {
			isa = PBXProject;
			attributes = {
				LastUpgradeCheck = 0810;
				ORGANIZATIONNAME = dws;
				TargetAttributes = {
					93027AAC1DEEB2C2004B01E9 = {
						CreatedOnToolsVersion = 8.1;
						ProvisioningStyle = Automatic;
					};
					93027AC51DEEB2C2004B01E9 = {
						CreatedOnToolsVersion = 8.1;
						ProvisioningStyle = Automatic;
						TestTargetID = 93027AAC1DEEB2C2004B01E9;
					};
					93027AD01DEEB2C3004B01E9 = {
						CreatedOnToolsVersion = 8.1;
						ProvisioningStyle = Automatic;
						TestTargetID = 93027AAC1DEEB2C2004B01E9;
					};
				};
			};
			buildConfigurationList = 93027AA81DEEB2C2004B01E9 /* Build configuration list for PBXProject "test" */;
			compatibilityVersion = "Xcode 3.2";
			developmentRegion = English;
			hasScannedForEncodings = 0;
			knownRegions = (
				en,
				Base,
			);
			mainGroup = 93027AA41DEEB2C2004B01E9;
			productRefGroup = 93027AAE1DEEB2C2004B01E9 /* Products */;
			projectDirPath = "";
			projectRoot = "";
			targets = (
				93027AAC1DEEB2C2004B01E9 /* test */,
				93027AC51DEEB2C2004B01E9 /* testTests */,
				93027AD01DEEB2C3004B01E9 /* testUITests */,
			);
		};
/* End PBXProject section */

/* Begin PBXResourcesBuildPhase section */
		93027AAB1DEEB2C2004B01E9 /* Resources */ = {
			isa = PBXResourcesBuildPhase;
			buildActionMask = 2147483647;
			files = (
				93027AC01DEEB2C2004B01E9 /* LaunchScreen.storyboard in Resources */,
				93027ABD1DEEB2C2004B01E9 /* Assets.xcassets in Resources */,
				93027ABB1DEEB2C2004B01E9 /* Main.storyboard in Resources */,
			);
			runOnlyForDeploymentPostprocessing = 0;
		};
		93027AC41DEEB2C2004B01E9 /* Resources */ = {
			isa = PBXResourcesBuildPhase;
			buildActionMask = 2147483647;
			files = (
			);
			runOnlyForDeploymentPostprocessing = 0;
		};
		93027ACF1DEEB2C3004B01E9 /* Resources */ = {
			isa = PBXResourcesBuildPhase;
			buildActionMask = 2147483647;
			files = (
			);
			runOnlyForDeploymentPostprocessing = 0;
		};
/* End PBXResourcesBuildPhase section */

/* Begin PBXSourcesBuildPhase section */
		93027AA91DEEB2C2004B01E9 /* Sources */ = {
			isa = PBXSourcesBuildPhase;
			buildActionMask = 2147483647;
			files = (
				93027AB81DEEB2C2004B01E9 /* ViewController.m in Sources */,
				93027AB51DEEB2C2004B01E9 /* AppDelegate.m in Sources */,
				93027AB21DEEB2C2004B01E9 /* main.m in Sources */,
			);
			runOnlyForDeploymentPostprocessing = 0;
		};
		93027AC21DEEB2C2004B01E9 /* Sources */ = {
			isa = PBXSourcesBuildPhase;
			buildActionMask = 2147483647;
			files = (
				93027ACB1DEEB2C2004B01E9 /* testTests.m in Sources */,
			);
			runOnlyForDeploymentPostprocessing = 0;
		};
		93027ACD1DEEB2C3004B01E9 /* Sources */ = {
			isa = PBXSourcesBuildPhase;
			buildActionMask = 2147483647;
			files = (
				93027AD61DEEB2C3004B01E9 /* testUITests.m in Sources */,
			);
			runOnlyForDeploymentPostprocessing = 0;
		};
/* End PBXSourcesBuildPhase section */

/* Begin PBXTargetDependency section */
		93027AC81DEEB2C2004B01E9 /* PBXTargetDependency */ = {
			isa = PBXTargetDependency;
			target = 93027AAC1DEEB2C2004B01E9 /* test */;
			targetProxy = 93027AC71DEEB2C2004B01E9 /* PBXContainerItemProxy */;
		};
		93027AD31DEEB2C3004B01E9 /* PBXTargetDependency */ = {
			isa = PBXTargetDependency;
			target = 93027AAC1DEEB2C2004B01E9 /* test */;
			targetProxy = 93027AD21DEEB2C3004B01E9 /* PBXContainerItemProxy */;
		};
/* End PBXTargetDependency section */

/* Begin PBXVariantGroup section */
		93027AB91DEEB2C2004B01E9 /* Main.storyboard */ = {
			isa = PBXVariantGroup;
			children = (
				93027ABA1DEEB2C2004B01E9 /* Base */,
			);
			name = Main.storyboard;
			sourceTree = "<group>";
		};
		93027ABE1DEEB2C2004B01E9 /* LaunchScreen.storyboard */ = {
			isa = PBXVariantGroup;
			children = (
				93027ABF1DEEB2C2004B01E9 /* Base */,
			);
			name = LaunchScreen.storyboard;
			sourceTree = "<group>";
		};
/* End PBXVariantGroup section */

/* Begin XCBuildConfiguration section */
		93027AD81DEEB2C3004B01E9 /* Debug */ = {
			isa = XCBuildConfiguration;
			buildSettings = {
				ALWAYS_SEARCH_USER_PATHS = NO;
				CLANG_ANALYZER_NONNULL = YES;
				CLANG_CXX_LANGUAGE_STANDARD = "gnu++0x";
				CLANG_CXX_LIBRARY = "libc++";
				CLANG_ENABLE_MODULES = YES;
				CLANG_ENABLE_OBJC_ARC = YES;
				CLANG_WARN_BOOL_CONVERSION = YES;
				CLANG_WARN_CONSTANT_CONVERSION = YES;
				CLANG_WARN_DIRECT_OBJC_ISA_USAGE = YES_ERROR;
				CLANG_WARN_DOCUMENTATION_COMMENTS = YES;
				CLANG_WARN_EMPTY_BODY = YES;
				CLANG_WARN_ENUM_CONVERSION = YES;
				CLANG_WARN_INFINITE_RECURSION = YES;
				CLANG_WARN_INT_CONVERSION = YES;
				CLANG_WARN_OBJC_ROOT_CLASS = YES_ERROR;
				CLANG_WARN_SUSPICIOUS_MOVES = YES;
				CLANG_WARN_UNREACHABLE_CODE = YES;
				CLANG_WARN__DUPLICATE_METHOD_MATCH = YES;
				"CODE_SIGN_IDENTITY[sdk=iphoneos*]" = "iPhone Developer";
				COPY_PHASE_STRIP = NO;
				DEBUG_INFORMATION_FORMAT = dwarf;
				ENABLE_STRICT_OBJC_MSGSEND = YES;
				ENABLE_TESTABILITY = YES;
				GCC_C_LANGUAGE_STANDARD = gnu99;
				GCC_DYNAMIC_NO_PIC = NO;
				GCC_NO_COMMON_BLOCKS = YES;
				GCC_OPTIMIZATION_LEVEL = 0;
				GCC_PREPROCESSOR_DEFINITIONS = (
					"DEBUG=1",
					"$(inherited)",
				);
				GCC_WARN_64_TO_32_BIT_CONVERSION = YES;
				GCC_WARN_ABOUT_RETURN_TYPE = YES_ERROR;
				GCC_WARN_UNDECLARED_SELECTOR = YES;
				GCC_WARN_UNINITIALIZED_AUTOS = YES_AGGRESSIVE;
				GCC_WARN_UNUSED_FUNCTION = YES;
				GCC_WARN_UNUSED_VARIABLE = YES;
				IPHONEOS_DEPLOYMENT_TARGET = 10.1;
				MTL_ENABLE_DEBUG_INFO = YES;
				ONLY_ACTIVE_ARCH = YES;
				SDKROOT = iphoneos;
				TARGETED_DEVICE_FAMILY = "1,2";
			};
			name = Debug;
		};
		93027AD91DEEB2C3004B01E9 /* Release */ = {
			isa = XCBuildConfiguration;
			buildSettings = {
				ALWAYS_SEARCH_USER_PATHS = NO;
				CLANG_ANALYZER_NONNULL = YES;
				CLANG_CXX_LANGUAGE_STANDARD = "gnu++0x";
				CLANG_CXX_LIBRARY = "libc++";
				CLANG_ENABLE_MODULES = YES;
				CLANG_ENABLE_OBJC_ARC = YES;
				CLANG_WARN_BOOL_CONVERSION = YES;
				CLANG_WARN_CONSTANT_CONVERSION = YES;
				CLANG_WARN_DIRECT_OBJC_ISA_USAGE = YES_ERROR;
				CLANG_WARN_DOCUMENTATION_COMMENTS = YES;
				CLANG_WARN_EMPTY_BODY = YES;
				CLANG_WARN_ENUM_CONVERSION = YES;
				CLANG_WARN_INFINITE_RECURSION = YES;
				CLANG_WARN_INT_CONVERSION = YES;
				CLANG_WARN_OBJC_ROOT_CLASS = YES_ERROR;
				CLANG_WARN_SUSPICIOUS_MOVES = YES;
				CLANG_WARN_UNREACHABLE_CODE = YES;
				CLANG_WARN__DUPLICATE_METHOD_MATCH = YES;
				"CODE_SIGN_IDENTITY[sdk=iphoneos*]" = "iPhone Developer";
				COPY_PHASE_STRIP = NO;
				DEBUG_INFORMATION_FORMAT = "dwarf-with-dsym";
				ENABLE_NS_ASSERTIONS = NO;
				ENABLE_STRICT_OBJC_MSGSEND = YES;
				GCC_C_LANGUAGE_STANDARD = gnu99;
				GCC_NO_COMMON_BLOCKS = YES;
				GCC_WARN_64_TO_32_BIT_CONVERSION = YES;
				GCC_WARN_ABOUT_RETURN_TYPE = YES_ERROR;
				GCC_WARN_UNDECLARED_SELECTOR = YES;
				GCC_WARN_UNINITIALIZED_AUTOS = YES_AGGRESSIVE;
				GCC_WARN_UNUSED_FUNCTION = YES;
				GCC_WARN_UNUSED_VARIABLE = YES;
				IPHONEOS_DEPLOYMENT_TARGET = 10.1;
				MTL_ENABLE_DEBUG_INFO = NO;
				SDKROOT = iphoneos;
				TARGETED_DEVICE_FAMILY = "1,2";
				VALIDATE_PRODUCT = YES;
			};
			name = Release;
		};
		93027ADB1DEEB2C3004B01E9 /* Debug */ = {
			isa = XCBuildConfiguration;
			buildSettings = {
				ASSETCATALOG_COMPILER_APPICON_NAME = AppIcon;
				INFOPLIST_FILE = test/Info.plist;
				LD_RUNPATH_SEARCH_PATHS = "$(inherited) @executable_path/Frameworks";
				PRODUCT_BUNDLE_IDENTIFIER = zwcad.test;
				PRODUCT_NAME = "$(TARGET_NAME)";
			};
			name = Debug;
		};
		93027ADC1DEEB2C3004B01E9 /* Release */ = {
			isa = XCBuildConfiguration;
			buildSettings = {
				ASSETCATALOG_COMPILER_APPICON_NAME = AppIcon;
				INFOPLIST_FILE = test/Info.plist;
				LD_RUNPATH_SEARCH_PATHS = "$(inherited) @executable_path/Frameworks";
				PRODUCT_BUNDLE_IDENTIFIER = zwcad.test;
				PRODUCT_NAME = "$(TARGET_NAME)";
			};
			name = Release;
		};
		93027ADE1DEEB2C3004B01E9 /* Debug */ = {
			isa = XCBuildConfiguration;
			buildSettings = {
				BUNDLE_LOADER = "$(TEST_HOST)";
				INFOPLIST_FILE = testTests/Info.plist;
				LD_RUNPATH_SEARCH_PATHS = "$(inherited) @executable_path/Frameworks @loader_path/Frameworks";
				PRODUCT_BUNDLE_IDENTIFIER = zwcad.testTests;
				PRODUCT_NAME = "$(TARGET_NAME)";
				TEST_HOST = "$(BUILT_PRODUCTS_DIR)/test.app/test";
			};
			name = Debug;
		};
		93027ADF1DEEB2C3004B01E9 /* Release */ = {
			isa = XCBuildConfiguration;
			buildSettings = {
				BUNDLE_LOADER = "$(TEST_HOST)";
				INFOPLIST_FILE = testTests/Info.plist;
				LD_RUNPATH_SEARCH_PATHS = "$(inherited) @executable_path/Frameworks @loader_path/Frameworks";
				PRODUCT_BUNDLE_IDENTIFIER = zwcad.testTests;
				PRODUCT_NAME = "$(TARGET_NAME)";
				TEST_HOST = "$(BUILT_PRODUCTS_DIR)/test.app/test";
			};
			name = Release;
		};
		93027AE11DEEB2C3004B01E9 /* Debug */ = {
			isa = XCBuildConfiguration;
			buildSettings = {
				INFOPLIST_FILE = testUITests/Info.plist;
				LD_RUNPATH_SEARCH_PATHS = "$(inherited) @executable_path/Frameworks @loader_path/Frameworks";
				PRODUCT_BUNDLE_IDENTIFIER = zwcad.testUITests;
				PRODUCT_NAME = "$(TARGET_NAME)";
				TEST_TARGET_NAME = test;
			};
			name = Debug;
		};
		93027AE21DEEB2C3004B01E9 /* Release */ = {
			isa = XCBuildConfiguration;
			buildSettings = {
				INFOPLIST_FILE = testUITests/Info.plist;
				LD_RUNPATH_SEARCH_PATHS = "$(inherited) @executable_path/Frameworks @loader_path/Frameworks";
				PRODUCT_BUNDLE_IDENTIFIER = zwcad.testUITests;
				PRODUCT_NAME = "$(TARGET_NAME)";
				TEST_TARGET_NAME = test;
			};
			name = Release;
		};
/* End XCBuildConfiguration section */

/* Begin XCConfigurationList section */
		93027AA81DEEB2C2004B01E9 /* Build configuration list for PBXProject "test" */ = {
			isa = XCConfigurationList;
			buildConfigurations = (
				93027AD81DEEB2C3004B01E9 /* Debug */,
				93027AD91DEEB2C3004B01E9 /* Release */,
			);
			defaultConfigurationIsVisible = 0;
			defaultConfigurationName = Release;
		};
		93027ADA1DEEB2C3004B01E9 /* Build configuration list for PBXNativeTarget "test" */ = {
			isa = XCConfigurationList;
			buildConfigurations = (
				93027ADB1DEEB2C3004B01E9 /* Debug */,
				93027ADC1DEEB2C3004B01E9 /* Release */,
			);
			defaultConfigurationIsVisible = 0;
		};
		93027ADD1DEEB2C3004B01E9 /* Build configuration list for PBXNativeTarget "testTests" */ = {
			isa = XCConfigurationList;
			buildConfigurations = (
				93027ADE1DEEB2C3004B01E9 /* Debug */,
				93027ADF1DEEB2C3004B01E9 /* Release */,
			);
			defaultConfigurationIsVisible = 0;
		};
		93027AE01DEEB2C3004B01E9 /* Build configuration list for PBXNativeTarget "testUITests" */ = {
			isa = XCConfigurationList;
			buildConfigurations = (
				93027AE11DEEB2C3004B01E9 /* Debug */,
				93027AE21DEEB2C3004B01E9 /* Release */,
			);
			defaultConfigurationIsVisible = 0;
		};
/* End XCConfigurationList section */
	};
	rootObject = 93027AA51DEEB2C2004B01E9 /* Project object */;
}
